# This file is automatically @generated by Cargo.
# It is not intended for manual editing.
version = 4

[[package]]
name = "ax_ui"
version = "0.1.0"
dependencies = [
 "core_foundation",
 "core_graphics",
 "libc",
]

[[package]]
name = "core_foundation"
version = "0.1.0"

[[package]]
name = "core_graphics"
version = "0.1.0"
dependencies = [
 "core_foundation",
 "libc",
]

[[package]]
name = "libc"
version = "0.2.176"
source = "registry+https://github.com/rust-lang/crates.io-index"
checksum = "58f929b4d672ea937a23a1ab494143d968337a5f47e56d0815df1e0890ddf174"

[[package]]
name = "main"
version = "0.1.0"
dependencies = [
 "ax_ui",
 "core_foundation",
 "core_graphics",
]
